
Microsoft Visual Studio Solution File, Format Version 12.00
# Visual Studio Version 17
VisualStudioVersion = 17.0.31912.275
MinimumVisualStudioVersion = 10.0.40219.1
Project("{9A19103F-16F7-4668-BE54-9A1E7A4F7556}") = "OpenBoardAnim.Utilities", "src\OpenBoardAnim.Utilities\OpenBoardAnim.Utilities.csproj", "{4E7C2263-6E1E-42ED-889A-8391C79C69A3}"
EndProject
Project("{9A19103F-16F7-4668-BE54-9A1E7A4F7556}") = "OpenBoardAnim.Library", "src\OpenBoardAnim.Library\OpenBoardAnim.Library.csproj", "{62FBC3EE-6D55-4F13-B0A3-48F20C14C84A}"
EndProject
Project("{9A19103F-16F7-4668-BE54-9A1E7A4F7556}") = "OpenBoardAnim", "src\OpenBoardAnim\OpenBoardAnim.csproj", "{5472CFF7-E929-4D81-98E3-B68F39326C95}"
EndProject
Project("{2150E333-8FDC-42A3-9474-1A3956D46DE8}") = "src", "src", "{827E0CD3-B72D-47B6-A68D-7590B98EB39B}"
EndProject
Project("{FAE04EC0-301F-11D3-BF4B-00C04F79EFBC}") = "OpenBoardAnim.Tests", "src\OpenBoardAnim.Tests\OpenBoardAnim.Tests.csproj", "{81675789-3739-43A5-B2C5-220961F03ED5}"
EndProject
Global
	GlobalSection(SolutionConfigurationPlatforms) = preSolution
		Debug|Any CPU = Debug|Any CPU
		Debug|x64 = Debug|x64
		Debug|x86 = Debug|x86
		Release|Any CPU = Release|Any CPU
		Release|x64 = Release|x64
		Release|x86 = Release|x86
	EndGlobalSection
	GlobalSection(ProjectConfigurationPlatforms) = postSolution
		{4E7C2263-6E1E-42ED-889A-8391C79C69A3}.Debug|Any CPU.ActiveCfg = Debug|Any CPU
		{4E7C2263-6E1E-42ED-889A-8391C79C69A3}.Debug|Any CPU.Build.0 = Debug|Any CPU
		{4E7C2263-6E1E-42ED-889A-8391C79C69A3}.Debug|x64.ActiveCfg = Debug|Any CPU
		{4E7C2263-6E1E-42ED-889A-8391C79C69A3}.Debug|x64.Build.0 = Debug|Any CPU
		{4E7C2263-6E1E-42ED-889A-8391C79C69A3}.Debug|x86.ActiveCfg = Debug|Any CPU
		{4E7C2263-6E1E-42ED-889A-8391C79C69A3}.Debug|x86.Build.0 = Debug|Any CPU
		{4E7C2263-6E1E-42ED-889A-8391C79C69A3}.Release|Any CPU.ActiveCfg = Release|Any CPU
		{4E7C2263-6E1E-42ED-889A-8391C79C69A3}.Release|Any CPU.Build.0 = Release|Any CPU
		{4E7C2263-6E1E-42ED-889A-8391C79C69A3}.Release|x64.ActiveCfg = Release|Any CPU
		{4E7C2263-6E1E-42ED-889A-8391C79C69A3}.Release|x64.Build.0 = Release|Any CPU
		{4E7C2263-6E1E-42ED-889A-8391C79C69A3}.Release|x86.ActiveCfg = Release|Any CPU
		{4E7C2263-6E1E-42ED-889A-8391C79C69A3}.Release|x86.Build.0 = Release|Any CPU
		{62FBC3EE-6D55-4F13-B0A3-48F20C14C84A}.Debug|Any CPU.ActiveCfg = Debug|Any CPU
		{62FBC3EE-6D55-4F13-B0A3-48F20C14C84A}.Debug|Any CPU.Build.0 = Debug|Any CPU
		{62FBC3EE-6D55-4F13-B0A3-48F20C14C84A}.Debug|x64.ActiveCfg = Debug|Any CPU
		{62FBC3EE-6D55-4F13-B0A3-48F20C14C84A}.Debug|x64.Build.0 = Debug|Any CPU
		{62FBC3EE-6D55-4F13-B0A3-48F20C14C84A}.Debug|x86.ActiveCfg = Debug|Any CPU
		{62FBC3EE-6D55-4F13-B0A3-48F20C14C84A}.Debug|x86.Build.0 = Debug|Any CPU
		{62FBC3EE-6D55-4F13-B0A3-48F20C14C84A}.Release|Any CPU.ActiveCfg = Release|Any CPU
		{62FBC3EE-6D55-4F13-B0A3-48F20C14C84A}.Release|Any CPU.Build.0 = Release|Any CPU
		{62FBC3EE-6D55-4F13-B0A3-48F20C14C84A}.Release|x64.ActiveCfg = Release|Any CPU
		{62FBC3EE-6D55-4F13-B0A3-48F20C14C84A}.Release|x64.Build.0 = Release|Any CPU
		{62FBC3EE-6D55-4F13-B0A3-48F20C14C84A}.Release|x86.ActiveCfg = Release|Any CPU
		{62FBC3EE-6D55-4F13-B0A3-48F20C14C84A}.Release|x86.Build.0 = Release|Any CPU
		{5472CFF7-E929-4D81-98E3-B68F39326C95}.Debug|Any CPU.ActiveCfg = Debug|Any CPU
		{5472CFF7-E929-4D81-98E3-B68F39326C95}.Debug|Any CPU.Build.0 = Debug|Any CPU
		{5472CFF7-E929-4D81-98E3-B68F39326C95}.Debug|x64.ActiveCfg = Debug|Any CPU
		{5472CFF7-E929-4D81-98E3-B68F39326C95}.Debug|x64.Build.0 = Debug|Any CPU
		{5472CFF7-E929-4D81-98E3-B68F39326C95}.Debug|x86.ActiveCfg = Debug|Any CPU
		{5472CFF7-E929-4D81-98E3-B68F39326C95}.Debug|x86.Build.0 = Debug|Any CPU
		{5472CFF7-E929-4D81-98E3-B68F39326C95}.Release|Any CPU.ActiveCfg = Release|Any CPU
		{5472CFF7-E929-4D81-98E3-B68F39326C95}.Release|Any CPU.Build.0 = Release|Any CPU
		{5472CFF7-E929-4D81-98E3-B68F39326C95}.Release|x64.ActiveCfg = Release|Any CPU
		{5472CFF7-E929-4D81-98E3-B68F39326C95}.Release|x64.Build.0 = Release|Any CPU
		{5472CFF7-E929-4D81-98E3-B68F39326C95}.Release|x86.ActiveCfg = Release|Any CPU
		{5472CFF7-E929-4D81-98E3-B68F39326C95}.Release|x86.Build.0 = Release|Any CPU
		{81675789-3739-43A5-B2C5-220961F03ED5}.Debug|Any CPU.ActiveCfg = Debug|Any CPU
		{81675789-3739-43A5-B2C5-220961F03ED5}.Debug|Any CPU.Build.0 = Debug|Any CPU
		{81675789-3739-43A5-B2C5-220961F03ED5}.Debug|x64.ActiveCfg = Debug|Any CPU
		{81675789-3739-43A5-B2C5-220961F03ED5}.Debug|x64.Build.0 = Debug|Any CPU
		{81675789-3739-43A5-B2C5-220961F03ED5}.Debug|x86.ActiveCfg = Debug|Any CPU
		{81675789-3739-43A5-B2C5-220961F03ED5}.Debug|x86.Build.0 = Debug|Any CPU
		{81675789-3739-43A5-B2C5-220961F03ED5}.Release|Any CPU.ActiveCfg = Release|Any CPU
		{81675789-3739-43A5-B2C5-220961F03ED5}.Release|Any CPU.Build.0 = Release|Any CPU
		{81675789-3739-43A5-B2C5-220961F03ED5}.Release|x64.ActiveCfg = Release|Any CPU
		{81675789-3739-43A5-B2C5-220961F03ED5}.Release|x64.Build.0 = Release|Any CPU
		{81675789-3739-43A5-B2C5-220961F03ED5}.Release|x86.ActiveCfg = Release|Any CPU
		{81675789-3739-43A5-B2C5-220961F03ED5}.Release|x86.Build.0 = Release|Any CPU
	EndGlobalSection
	GlobalSection(SolutionProperties) = preSolution
		HideSolutionNode = FALSE
	EndGlobalSection
	GlobalSection(NestedProjects) = preSolution
		{81675789-3739-43A5-B2C5-220961F03ED5} = {827E0CD3-B72D-47B6-A68D-7590B98EB39B}
	EndGlobalSection
	GlobalSection(ExtensibilityGlobals) = postSolution
		SolutionGuid = {F2B01AE6-B4FF-46DF-9BE9-E0EBBC420C42}
	EndGlobalSection
EndGlobal
