
Microsoft Visual Studio Solution File, Format Version 12.00
# Visual Studio Version 17
VisualStudioVersion = 17.0.31912.275
MinimumVisualStudioVersion = 10.0.40219.1
Project("{9A19103F-16F7-4668-BE54-9A1E7A4F7556}") = "OpenBoardAnim.Utilities", "OpenBoardAnim.Utilities\OpenBoardAnim.Utilities.csproj", "{4E7C2263-6E1E-42ED-889A-8391C79C69A3}"
EndProject
Project("{9A19103F-16F7-4668-BE54-9A1E7A4F7556}") = "OpenBoardAnim.VideoTools", "OpenBoardAnim.VideoTools\OpenBoardAnim.VideoTools.csproj", "{92626A36-DD17-4318-AD95-38125B4BDE76}"
EndProject
Project("{9A19103F-16F7-4668-BE54-9A1E7A4F7556}") = "OpenBoardAnim.Library", "OpenBoardAnim.Library\OpenBoardAnim.Library.csproj", "{62FBC3EE-6D55-4F13-B0A3-48F20C14C84A}"
EndProject
Project("{9A19103F-16F7-4668-BE54-9A1E7A4F7556}") = "OpenBoardAnim", "OpenBoardAnim\OpenBoardAnim.csproj", "{5472CFF7-E929-4D81-98E3-B68F39326C95}"
EndProject
Project("{FAE04EC0-301F-11D3-BF4B-00C04F79EFBC}") = "DefaultDataInsert", "DefaultDataInsert\DefaultDataInsert.csproj", "{C3FFE920-F209-4983-B991-89B84CA6D481}"
EndProject
Global
	GlobalSection(SolutionConfigurationPlatforms) = preSolution
		Debug|Any CPU = Debug|Any CPU
		Release|Any CPU = Release|Any CPU
	EndGlobalSection
	GlobalSection(ProjectConfigurationPlatforms) = postSolution
		{4E7C2263-6E1E-42ED-889A-8391C79C69A3}.Debug|Any CPU.ActiveCfg = Debug|Any CPU
		{4E7C2263-6E1E-42ED-889A-8391C79C69A3}.Debug|Any CPU.Build.0 = Debug|Any CPU
		{4E7C2263-6E1E-42ED-889A-8391C79C69A3}.Release|Any CPU.ActiveCfg = Release|Any CPU
		{4E7C2263-6E1E-42ED-889A-8391C79C69A3}.Release|Any CPU.Build.0 = Release|Any CPU
		{92626A36-DD17-4318-AD95-38125B4BDE76}.Debug|Any CPU.ActiveCfg = Debug|Any CPU
		{92626A36-DD17-4318-AD95-38125B4BDE76}.Debug|Any CPU.Build.0 = Debug|Any CPU
		{92626A36-DD17-4318-AD95-38125B4BDE76}.Release|Any CPU.ActiveCfg = Release|Any CPU
		{92626A36-DD17-4318-AD95-38125B4BDE76}.Release|Any CPU.Build.0 = Release|Any CPU
		{62FBC3EE-6D55-4F13-B0A3-48F20C14C84A}.Debug|Any CPU.ActiveCfg = Debug|Any CPU
		{62FBC3EE-6D55-4F13-B0A3-48F20C14C84A}.Debug|Any CPU.Build.0 = Debug|Any CPU
		{62FBC3EE-6D55-4F13-B0A3-48F20C14C84A}.Release|Any CPU.ActiveCfg = Release|Any CPU
		{62FBC3EE-6D55-4F13-B0A3-48F20C14C84A}.Release|Any CPU.Build.0 = Release|Any CPU
		{5472CFF7-E929-4D81-98E3-B68F39326C95}.Debug|Any CPU.ActiveCfg = Debug|Any CPU
		{5472CFF7-E929-4D81-98E3-B68F39326C95}.Debug|Any CPU.Build.0 = Debug|Any CPU
		{5472CFF7-E929-4D81-98E3-B68F39326C95}.Release|Any CPU.ActiveCfg = Release|Any CPU
		{5472CFF7-E929-4D81-98E3-B68F39326C95}.Release|Any CPU.Build.0 = Release|Any CPU
		{C3FFE920-F209-4983-B991-89B84CA6D481}.Debug|Any CPU.ActiveCfg = Debug|Any CPU
		{C3FFE920-F209-4983-B991-89B84CA6D481}.Debug|Any CPU.Build.0 = Debug|Any CPU
		{C3FFE920-F209-4983-B991-89B84CA6D481}.Release|Any CPU.ActiveCfg = Release|Any CPU
		{C3FFE920-F209-4983-B991-89B84CA6D481}.Release|Any CPU.Build.0 = Release|Any CPU
	EndGlobalSection
	GlobalSection(SolutionProperties) = preSolution
		HideSolutionNode = FALSE
	EndGlobalSection
	GlobalSection(ExtensibilityGlobals) = postSolution
		SolutionGuid = {F2B01AE6-B4FF-46DF-9BE9-E0EBBC420C42}
	EndGlobalSection
EndGlobal
