
Microsoft Visual Studio Solution File, Format Version 12.00
# Visual Studio Version 17
VisualStudioVersion = 17.0.31912.275
MinimumVisualStudioVersion = 10.0.40219.1
Project("{930C7802-8A8C-48F9-8165-68863BCCD9DD}") = "OpenBoardAnim.Installer", "OpenBoardAnim.Installer\OpenBoardAnim.Installer.wixproj", "{6909189B-6D7F-4A02-BB38-31660905EC91}"
EndProject
Global
	GlobalSection(SolutionConfigurationPlatforms) = preSolution
		Debug|Any CPU = Debug|Any CPU
		Release|Any CPU = Release|Any CPU
	EndGlobalSection
	GlobalSection(ProjectConfigurationPlatforms) = postSolution
		{6909189B-6D7F-4A02-BB38-31660905EC91}.Debug|Any CPU.ActiveCfg = Debug|Any CPU
		{6909189B-6D7F-4A02-BB38-31660905EC91}.Debug|Any CPU.Build.0 = Debug|Any CPU
		{6909189B-6D7F-4A02-BB38-31660905EC91}.Release|Any CPU.ActiveCfg = Release|Any CPU
		{6909189B-6D7F-4A02-BB38-31660905EC91}.Release|Any CPU.Build.0 = Release|Any CPU
	EndGlobalSection
	GlobalSection(SolutionProperties) = preSolution
		HideSolutionNode = FALSE
	EndGlobalSection
	GlobalSection(ExtensibilityGlobals) = postSolution
		SolutionGuid = {78C55759-8B38-43CD-9C44-FE63262FACF8}
	EndGlobalSection
EndGlobal
